// !$*UTF8*$!
{
	archiveVersion = 1;
	classes = {
	};
	objectVersion = 46;
	objects = {

/* Begin PBXBuildFile section */
		3C1425EF1925D85D0005ECE3 /* Foundation.framework in Frameworks */ = {isa = PBXBuildFile; fileRef = 3C1425EE1925D85D0005ECE3 /* Foundation.framework */; };
		3C1425F11925D85D0005ECE3 /* CoreGraphics.framework in Frameworks */ = {isa = PBXBuildFile; fileRef = 3C1425F01925D85D0005ECE3 /* CoreGraphics.framework */; };
		3C1425F31925D85D0005ECE3 /* UIKit.framework in Frameworks */ = {isa = PBXBuildFile; fileRef = 3C1425F21925D85D0005ECE3 /* UIKit.framework */; };
		3C1425F91925D85D0005ECE3 /* InfoPlist.strings in Resources */ = {isa = PBXBuildFile; fileRef = 3C1425F71925D85D0005ECE3 /* InfoPlist.strings */; };
		3C1425FB1925D85D0005ECE3 /* main.m in Sources */ = {isa = PBXBuildFile; fileRef = 3C1425FA1925D85D0005ECE3 /* main.m */; };
		3C1425FF1925D85D0005ECE3 /* PCAppDelegate.m in Sources */ = {isa = PBXBuildFile; fileRef = 3C1425FE1925D85D0005ECE3 /* PCAppDelegate.m */; };
		3C1426011925D85D0005ECE3 /* Images.xcassets in Resources */ = {isa = PBXBuildFile; fileRef = 3C1426001925D85D0005ECE3 /* Images.xcassets */; };
		3C1426081925D85D0005ECE3 /* XCTest.framework in Frameworks */ = {isa = PBXBuildFile; fileRef = 3C1426071925D85D0005ECE3 /* XCTest.framework */; };
		3C1426091925D85D0005ECE3 /* Foundation.framework in Frameworks */ = {isa = PBXBuildFile; fileRef = 3C1425EE1925D85D0005ECE3 /* Foundation.framework */; };
		3C14260A1925D85D0005ECE3 /* UIKit.framework in Frameworks */ = {isa = PBXBuildFile; fileRef = 3C1425F21925D85D0005ECE3 /* UIKit.framework */; };
		3C1426121925D85D0005ECE3 /* InfoPlist.strings in Resources */ = {isa = PBXBuildFile; fileRef = 3C1426101925D85D0005ECE3 /* InfoPlist.strings */; };
		3C1426141925D85D0005ECE3 /* PCNetworkingTests.m in Sources */ = {isa = PBXBuildFile; fileRef = 3C1426131925D85D0005ECE3 /* PCNetworkingTests.m */; };
/* End PBXBuildFile section */

/* Begin PBXContainerItemProxy section */
		3C14260B1925D85D0005ECE3 /* PBXContainerItemProxy */ = {
			isa = PBXContainerItemProxy;
			containerPortal = 3C1425E31925D85D0005ECE3 /* Project object */;
			proxyType = 1;
			remoteGlobalIDString = 3C1425EA1925D85D0005ECE3;
			remoteInfo = PCNetworking;
		};
/* End PBXContainerItemProxy section */

/* Begin PBXFileReference section */
		3C1425EB1925D85D0005ECE3 /* PCNetworking.app */ = {isa = PBXFileReference; explicitFileType = wrapper.application; includeInIndex = 0; path = PCNetworking.app; sourceTree = BUILT_PRODUCTS_DIR; };
		3C1425EE1925D85D0005ECE3 /* Foundation.framework */ = {isa = PBXFileReference; lastKnownFileType = wrapper.framework; name = Foundation.framework; path = System/Library/Frameworks/Foundation.framework; sourceTree = SDKROOT; };
		3C1425F01925D85D0005ECE3 /* CoreGraphics.framework */ = {isa = PBXFileReference; lastKnownFileType = wrapper.framework; name = CoreGraphics.framework; path = System/Library/Frameworks/CoreGraphics.framework; sourceTree = SDKROOT; };
		3C1425F21925D85D0005ECE3 /* UIKit.framework */ = {isa = PBXFileReference; lastKnownFileType = wrapper.framework; name = UIKit.framework; path = System/Library/Frameworks/UIKit.framework; sourceTree = SDKROOT; };
		3C1425F61925D85D0005ECE3 /* PCNetworking-Info.plist */ = {isa = PBXFileReference; lastKnownFileType = text.plist.xml; path = "PCNetworking-Info.plist"; sourceTree = "<group>"; };
		3C1425F81925D85D0005ECE3 /* en */ = {isa = PBXFileReference; lastKnownFileType = text.plist.strings; name = en; path = en.lproj/InfoPlist.strings; sourceTree = "<group>"; };
		3C1425FA1925D85D0005ECE3 /* main.m */ = {isa = PBXFileReference; lastKnownFileType = sourcecode.c.objc; path = main.m; sourceTree = "<group>"; };
		3C1425FC1925D85D0005ECE3 /* PCNetworking-Prefix.pch */ = {isa = PBXFileReference; lastKnownFileType = sourcecode.c.h; path = "PCNetworking-Prefix.pch"; sourceTree = "<group>"; };
		3C1425FD1925D85D0005ECE3 /* PCAppDelegate.h */ = {isa = PBXFileReference; lastKnownFileType = sourcecode.c.h; path = PCAppDelegate.h; sourceTree = "<group>"; };
		3C1425FE1925D85D0005ECE3 /* PCAppDelegate.m */ = {isa = PBXFileReference; lastKnownFileType = sourcecode.c.objc; path = PCAppDelegate.m; sourceTree = "<group>"; };
		3C1426001925D85D0005ECE3 /* Images.xcassets */ = {isa = PBXFileReference; lastKnownFileType = folder.assetcatalog; path = Images.xcassets; sourceTree = "<group>"; };
		3C1426061925D85D0005ECE3 /* PCNetworkingTests.xctest */ = {isa = PBXFileReference; explicitFileType = wrapper.cfbundle; includeInIndex = 0; path = PCNetworkingTests.xctest; sourceTree = BUILT_PRODUCTS_DIR; };
		3C1426071925D85D0005ECE3 /* XCTest.framework */ = {isa = PBXFileReference; lastKnownFileType = wrapper.framework; name = XCTest.framework; path = Library/Frameworks/XCTest.framework; sourceTree = DEVELOPER_DIR; };
		3C14260F1925D85D0005ECE3 /* PCNetworkingTests-Info.plist */ = {isa = PBXFileReference; lastKnownFileType = text.plist.xml; path = "PCNetworkingTests-Info.plist"; sourceTree = "<group>"; };
		3C1426111925D85D0005ECE3 /* en */ = {isa = PBXFileReference; lastKnownFileType = text.plist.strings; name = en; path = en.lproj/InfoPlist.strings; sourceTree = "<group>"; };
		3C1426131925D85D0005ECE3 /* PCNetworkingTests.m */ = {isa = PBXFileReference; lastKnownFileType = sourcecode.c.objc; path = PCNetworkingTests.m; sourceTree = "<group>"; };
/* End PBXFileReference section */

/* Begin PBXFrameworksBuildPhase section */
		3C1425E81925D85D0005ECE3 /* Frameworks */ = {
			isa = PBXFrameworksBuildPhase;
			buildActionMask = 2147483647;
			files = (
				3C1425F11925D85D0005ECE3 /* CoreGraphics.framework in Frameworks */,
				3C1425F31925D85D0005ECE3 /* UIKit.framework in Frameworks */,
				3C1425EF1925D85D0005ECE3 /* Foundation.framework in Frameworks */,
			);
			runOnlyForDeploymentPostprocessing = 0;
		};
		3C1426031925D85D0005ECE3 /* Frameworks */ = {
			isa = PBXFrameworksBuildPhase;
			buildActionMask = 2147483647;
			files = (
				3C1426081925D85D0005ECE3 /* XCTest.framework in Frameworks */,
				3C14260A1925D85D0005ECE3 /* UIKit.framework in Frameworks */,
				3C1426091925D85D0005ECE3 /* Foundation.framework in Frameworks */,
			);
			runOnlyForDeploymentPostprocessing = 0;
		};
/* End PBXFrameworksBuildPhase section */

/* Begin PBXGroup section */
		3C1425E21925D85D0005ECE3 = {
			isa = PBXGroup;
			children = (
				3C1425F41925D85D0005ECE3 /* PCNetworking */,
				3C14260D1925D85D0005ECE3 /* PCNetworkingTests */,
				3C1425ED1925D85D0005ECE3 /* Frameworks */,
				3C1425EC1925D85D0005ECE3 /* Products */,
			);
			sourceTree = "<group>";
		};
		3C1425EC1925D85D0005ECE3 /* Products */ = {
			isa = PBXGroup;
			children = (
				3C1425EB1925D85D0005ECE3 /* PCNetworking.app */,
				3C1426061925D85D0005ECE3 /* PCNetworkingTests.xctest */,
			);
			name = Products;
			sourceTree = "<group>";
		};
		3C1425ED1925D85D0005ECE3 /* Frameworks */ = {
			isa = PBXGroup;
			children = (
				3C1425EE1925D85D0005ECE3 /* Foundation.framework */,
				3C1425F01925D85D0005ECE3 /* CoreGraphics.framework */,
				3C1425F21925D85D0005ECE3 /* UIKit.framework */,
				3C1426071925D85D0005ECE3 /* XCTest.framework */,
			);
			name = Frameworks;
			sourceTree = "<group>";
		};
		3C1425F41925D85D0005ECE3 /* PCNetworking */ = {
			isa = PBXGroup;
			children = (
				3C1425FD1925D85D0005ECE3 /* PCAppDelegate.h */,
				3C1425FE1925D85D0005ECE3 /* PCAppDelegate.m */,
				3C1426001925D85D0005ECE3 /* Images.xcassets */,
				3C1425F51925D85D0005ECE3 /* Supporting Files */,
			);
			path = PCNetworking;
			sourceTree = "<group>";
		};
		3C1425F51925D85D0005ECE3 /* Supporting Files */ = {
			isa = PBXGroup;
			children = (
				3C1425F61925D85D0005ECE3 /* PCNetworking-Info.plist */,
				3C1425F71925D85D0005ECE3 /* InfoPlist.strings */,
				3C1425FA1925D85D0005ECE3 /* main.m */,
				3C1425FC1925D85D0005ECE3 /* PCNetworking-Prefix.pch */,
			);
			name = "Supporting Files";
			sourceTree = "<group>";
		};
		3C14260D1925D85D0005ECE3 /* PCNetworkingTests */ = {
			isa = PBXGroup;
			children = (
				3C1426131925D85D0005ECE3 /* PCNetworkingTests.m */,
				3C14260E1925D85D0005ECE3 /* Supporting Files */,
			);
			path = PCNetworkingTests;
			sourceTree = "<group>";
		};
		3C14260E1925D85D0005ECE3 /* Supporting Files */ = {
			isa = PBXGroup;
			children = (
				3C14260F1925D85D0005ECE3 /* PCNetworkingTests-Info.plist */,
				3C1426101925D85D0005ECE3 /* InfoPlist.strings */,
			);
			name = "Supporting Files";
			sourceTree = "<group>";
		};
/* End PBXGroup section */

/* Begin PBXNativeTarget section */
		3C1425EA1925D85D0005ECE3 /* PCNetworking */ = {
			isa = PBXNativeTarget;
			buildConfigurationList = 3C1426171925D85D0005ECE3 /* Build configuration list for PBXNativeTarget "PCNetworking" */;
			buildPhases = (
				3C1425E71925D85D0005ECE3 /* Sources */,
				3C1425E81925D85D0005ECE3 /* Frameworks */,
				3C1425E91925D85D0005ECE3 /* Resources */,
			);
			buildRules = (
			);
			dependencies = (
			);
			name = PCNetworking;
			productName = PCNetworking;
			productReference = 3C1425EB1925D85D0005ECE3 /* PCNetworking.app */;
			productType = "com.apple.product-type.application";
		};
		3C1426051925D85D0005ECE3 /* PCNetworkingTests */ = {
			isa = PBXNativeTarget;
			buildConfigurationList = 3C14261A1925D85D0005ECE3 /* Build configuration list for PBXNativeTarget "PCNetworkingTests" */;
			buildPhases = (
				3C1426021925D85D0005ECE3 /* Sources */,
				3C1426031925D85D0005ECE3 /* Frameworks */,
				3C1426041925D85D0005ECE3 /* Resources */,
			);
			buildRules = (
			);
			dependencies = (
				3C14260C1925D85D0005ECE3 /* PBXTargetDependency */,
			);
			name = PCNetworkingTests;
			productName = PCNetworkingTests;
			productReference = 3C1426061925D85D0005ECE3 /* PCNetworkingTests.xctest */;
			productType = "com.apple.product-type.bundle.unit-test";
		};
/* End PBXNativeTarget section */

/* Begin PBXProject section */
		3C1425E31925D85D0005ECE3 /* Project object */ = {
			isa = PBXProject;
			attributes = {
				CLASSPREFIX = PC;
				LastUpgradeCheck = 0510;
				ORGANIZATIONNAME = "Paul Carpenter";
				TargetAttributes = {
					3C1426051925D85D0005ECE3 = {
						TestTargetID = 3C1425EA1925D85D0005ECE3;
					};
				};
			};
			buildConfigurationList = 3C1425E61925D85D0005ECE3 /* Build configuration list for PBXProject "PCNetworking" */;
			compatibilityVersion = "Xcode 3.2";
			developmentRegion = English;
			hasScannedForEncodings = 0;
			knownRegions = (
				en,
			);
			mainGroup = 3C1425E21925D85D0005ECE3;
			productRefGroup = 3C1425EC1925D85D0005ECE3 /* Products */;
			projectDirPath = "";
			projectRoot = "";
			targets = (
				3C1425EA1925D85D0005ECE3 /* PCNetworking */,
				3C1426051925D85D0005ECE3 /* PCNetworkingTests */,
			);
		};
/* End PBXProject section */

/* Begin PBXResourcesBuildPhase section */
		3C1425E91925D85D0005ECE3 /* Resources */ = {
			isa = PBXResourcesBuildPhase;
			buildActionMask = 2147483647;
			files = (
				3C1425F91925D85D0005ECE3 /* InfoPlist.strings in Resources */,
				3C1426011925D85D0005ECE3 /* Images.xcassets in Resources */,
			);
			runOnlyForDeploymentPostprocessing = 0;
		};
		3C1426041925D85D0005ECE3 /* Resources */ = {
			isa = PBXResourcesBuildPhase;
			buildActionMask = 2147483647;
			files = (
				3C1426121925D85D0005ECE3 /* InfoPlist.strings in Resources */,
			);
			runOnlyForDeploymentPostprocessing = 0;
		};
/* End PBXResourcesBuildPhase section */

/* Begin PBXSourcesBuildPhase section */
		3C1425E71925D85D0005ECE3 /* Sources */ = {
			isa = PBXSourcesBuildPhase;
			buildActionMask = 2147483647;
			files = (
				3C1425FB1925D85D0005ECE3 /* main.m in Sources */,
				3C1425FF1925D85D0005ECE3 /* PCAppDelegate.m in Sources */,
			);
			runOnlyForDeploymentPostprocessing = 0;
		};
		3C1426021925D85D0005ECE3 /* Sources */ = {
			isa = PBXSourcesBuildPhase;
			buildActionMask = 2147483647;
			files = (
				3C1426141925D85D0005ECE3 /* PCNetworkingTests.m in Sources */,
			);
			runOnlyForDeploymentPostprocessing = 0;
		};
/* End PBXSourcesBuildPhase section */

/* Begin PBXTargetDependency section */
		3C14260C1925D85D0005ECE3 /* PBXTargetDependency */ = {
			isa = PBXTargetDependency;
			target = 3C1425EA1925D85D0005ECE3 /* PCNetworking */;
			targetProxy = 3C14260B1925D85D0005ECE3 /* PBXContainerItemProxy */;
		};
/* End PBXTargetDependency section */

/* Begin PBXVariantGroup section */
		3C1425F71925D85D0005ECE3 /* InfoPlist.strings */ = {
			isa = PBXVariantGroup;
			children = (
				3C1425F81925D85D0005ECE3 /* en */,
			);
			name = InfoPlist.strings;
			sourceTree = "<group>";
		};
		3C1426101925D85D0005ECE3 /* InfoPlist.strings */ = {
			isa = PBXVariantGroup;
			children = (
				3C1426111925D85D0005ECE3 /* en */,
			);
			name = InfoPlist.strings;
			sourceTree = "<group>";
		};
/* End PBXVariantGroup section */

/* Begin XCBuildConfiguration section */
		3C1426151925D85D0005ECE3 /* Debug */ = {
			isa = XCBuildConfiguration;
			buildSettings = {
				ALWAYS_SEARCH_USER_PATHS = NO;
				CLANG_CXX_LANGUAGE_STANDARD = "gnu++0x";
				CLANG_CXX_LIBRARY = "libc++";
				CLANG_ENABLE_MODULES = YES;
				CLANG_ENABLE_OBJC_ARC = YES;
				CLANG_WARN_BOOL_CONVERSION = YES;
				CLANG_WARN_CONSTANT_CONVERSION = YES;
				CLANG_WARN_DIRECT_OBJC_ISA_USAGE = YES_ERROR;
				CLANG_WARN_EMPTY_BODY = YES;
				CLANG_WARN_ENUM_CONVERSION = YES;
				CLANG_WARN_INT_CONVERSION = YES;
				CLANG_WARN_OBJC_ROOT_CLASS = YES_ERROR;
				CLANG_WARN__DUPLICATE_METHOD_MATCH = YES;
				"CODE_SIGN_IDENTITY[sdk=iphoneos*]" = "iPhone Developer";
				COPY_PHASE_STRIP = NO;
				GCC_C_LANGUAGE_STANDARD = gnu99;
				GCC_DYNAMIC_NO_PIC = NO;
				GCC_OPTIMIZATION_LEVEL = 0;
				GCC_PREPROCESSOR_DEFINITIONS = (
					"DEBUG=1",
					"$(inherited)",
				);
				GCC_SYMBOLS_PRIVATE_EXTERN = NO;
				GCC_WARN_64_TO_32_BIT_CONVERSION = YES;
				GCC_WARN_ABOUT_RETURN_TYPE = YES_ERROR;
				GCC_WARN_UNDECLARED_SELECTOR = YES;
				GCC_WARN_UNINITIALIZED_AUTOS = YES_AGGRESSIVE;
				GCC_WARN_UNUSED_FUNCTION = YES;
				GCC_WARN_UNUSED_VARIABLE = YES;
				IPHONEOS_DEPLOYMENT_TARGET = 7.1;
				ONLY_ACTIVE_ARCH = YES;
				SDKROOT = iphoneos;
			};
			name = Debug;
		};
		3C1426161925D85D0005ECE3 /* Release */ = {
			isa = XCBuildConfiguration;
			buildSettings = {
				ALWAYS_SEARCH_USER_PATHS = NO;
				CLANG_CXX_LANGUAGE_STANDARD = "gnu++0x";
				CLANG_CXX_LIBRARY = "libc++";
				CLANG_ENABLE_MODULES = YES;
				CLANG_ENABLE_OBJC_ARC = YES;
				CLANG_WARN_BOOL_CONVERSION = YES;
				CLANG_WARN_CONSTANT_CONVERSION = YES;
				CLANG_WARN_DIRECT_OBJC_ISA_USAGE = YES_ERROR;
				CLANG_WARN_EMPTY_BODY = YES;
				CLANG_WARN_ENUM_CONVERSION = YES;
				CLANG_WARN_INT_CONVERSION = YES;
				CLANG_WARN_OBJC_ROOT_CLASS = YES_ERROR;
				CLANG_WARN__DUPLICATE_METHOD_MATCH = YES;
				"CODE_SIGN_IDENTITY[sdk=iphoneos*]" = "iPhone Developer";
				COPY_PHASE_STRIP = YES;
				ENABLE_NS_ASSERTIONS = NO;
				GCC_C_LANGUAGE_STANDARD = gnu99;
				GCC_WARN_64_TO_32_BIT_CONVERSION = YES;
				GCC_WARN_ABOUT_RETURN_TYPE = YES_ERROR;
				GCC_WARN_UNDECLARED_SELECTOR = YES;
				GCC_WARN_UNINITIALIZED_AUTOS = YES_AGGRESSIVE;
				GCC_WARN_UNUSED_FUNCTION = YES;
				GCC_WARN_UNUSED_VARIABLE = YES;
				IPHONEOS_DEPLOYMENT_TARGET = 7.1;
				SDKROOT = iphoneos;
				VALIDATE_PRODUCT = YES;
			};
			name = Release;
		};
		3C1426181925D85D0005ECE3 /* Debug */ = {
			isa = XCBuildConfiguration;
			buildSettings = {
				ASSETCATALOG_COMPILER_APPICON_NAME = AppIcon;
				ASSETCATALOG_COMPILER_LAUNCHIMAGE_NAME = LaunchImage;
				GCC_PRECOMPILE_PREFIX_HEADER = YES;
				GCC_PREFIX_HEADER = "PCNetworking/PCNetworking-Prefix.pch";
				INFOPLIST_FILE = "PCNetworking/PCNetworking-Info.plist";
				PRODUCT_NAME = "$(TARGET_NAME)";
				WRAPPER_EXTENSION = app;
			};
			name = Debug;
		};
		3C1426191925D85D0005ECE3 /* Release */ = {
			isa = XCBuildConfiguration;
			buildSettings = {
				ASSETCATALOG_COMPILER_APPICON_NAME = AppIcon;
				ASSETCATALOG_COMPILER_LAUNCHIMAGE_NAME = LaunchImage;
				GCC_PRECOMPILE_PREFIX_HEADER = YES;
				GCC_PREFIX_HEADER = "PCNetworking/PCNetworking-Prefix.pch";
				INFOPLIST_FILE = "PCNetworking/PCNetworking-Info.plist";
				PRODUCT_NAME = "$(TARGET_NAME)";
				WRAPPER_EXTENSION = app;
			};
			name = Release;
		};
		3C14261B1925D85D0005ECE3 /* Debug */ = {
			isa = XCBuildConfiguration;
			buildSettings = {
				BUNDLE_LOADER = "$(BUILT_PRODUCTS_DIR)/PCNetworking.app/PCNetworking";
				FRAMEWORK_SEARCH_PATHS = (
					"$(SDKROOT)/Developer/Library/Frameworks",
					"$(inherited)",
					"$(DEVELOPER_FRAMEWORKS_DIR)",
				);
				GCC_PRECOMPILE_PREFIX_HEADER = YES;
				GCC_PREFIX_HEADER = "PCNetworking/PCNetworking-Prefix.pch";
				GCC_PREPROCESSOR_DEFINITIONS = (
					"DEBUG=1",
					"$(inherited)",
				);
				INFOPLIST_FILE = "PCNetworkingTests/PCNetworkingTests-Info.plist";
				PRODUCT_NAME = "$(TARGET_NAME)";
				TEST_HOST = "$(BUNDLE_LOADER)";
				WRAPPER_EXTENSION = xctest;
			};
			name = Debug;
		};
		3C14261C1925D85D0005ECE3 /* Release */ = {
			isa = XCBuildConfiguration;
			buildSettings = {
				BUNDLE_LOADER = "$(BUILT_PRODUCTS_DIR)/PCNetworking.app/PCNetworking";
				FRAMEWORK_SEARCH_PATHS = (
					"$(SDKROOT)/Developer/Library/Frameworks",
					"$(inherited)",
					"$(DEVELOPER_FRAMEWORKS_DIR)",
				);
				GCC_PRECOMPILE_PREFIX_HEADER = YES;
				GCC_PREFIX_HEADER = "PCNetworking/PCNetworking-Prefix.pch";
				INFOPLIST_FILE = "PCNetworkingTests/PCNetworkingTests-Info.plist";
				PRODUCT_NAME = "$(TARGET_NAME)";
				TEST_HOST = "$(BUNDLE_LOADER)";
				WRAPPER_EXTENSION = xctest;
			};
			name = Release;
		};
/* End XCBuildConfiguration section */

/* Begin XCConfigurationList section */
		3C1425E61925D85D0005ECE3 /* Build configuration list for PBXProject "PCNetworking" */ = {
			isa = XCConfigurationList;
			buildConfigurations = (
				3C1426151925D85D0005ECE3 /* Debug */,
				3C1426161925D85D0005ECE3 /* Release */,
			);
			defaultConfigurationIsVisible = 0;
			defaultConfigurationName = Release;
		};
		3C1426171925D85D0005ECE3 /* Build configuration list for PBXNativeTarget "PCNetworking" */ = {
			isa = XCConfigurationList;
			buildConfigurations = (
				3C1426181925D85D0005ECE3 /* Debug */,
				3C1426191925D85D0005ECE3 /* Release */,
			);
			defaultConfigurationIsVisible = 0;
		};
		3C14261A1925D85D0005ECE3 /* Build configuration list for PBXNativeTarget "PCNetworkingTests" */ = {
			isa = XCConfigurationList;
			buildConfigurations = (
				3C14261B1925D85D0005ECE3 /* Debug */,
				3C14261C1925D85D0005ECE3 /* Release */,
			);
			defaultConfigurationIsVisible = 0;
		};
/* End XCConfigurationList section */
	};
	rootObject = 3C1425E31925D85D0005ECE3 /* Project object */;
}
