// !$*UTF8*$!
{
	archiveVersion = 1;
	classes = {
	};
	objectVersion = 46;
	objects = {

/* Begin PBXBuildFile section */
		3C32CB7519637E850095C170 /* PCNetworkRequest.m in Sources */ = {isa = PBXBuildFile; fileRef = 3C32CB7419637E850095C170 /* PCNetworkRequest.m */; };
		3CE90BC4195BE756007DBA66 /* Foundation.framework in Frameworks */ = {isa = PBXBuildFile; fileRef = 3C1425EE1925D85D0005ECE3 /* Foundation.framework */; };
		3CE90BD1195BE756007DBA66 /* XCTest.framework in Frameworks */ = {isa = PBXBuildFile; fileRef = 3C1426071925D85D0005ECE3 /* XCTest.framework */; };
		3CE90BD2195BE756007DBA66 /* Foundation.framework in Frameworks */ = {isa = PBXBuildFile; fileRef = 3C1425EE1925D85D0005ECE3 /* Foundation.framework */; };
		3CE90BD3195BE756007DBA66 /* UIKit.framework in Frameworks */ = {isa = PBXBuildFile; fileRef = 3C1425F21925D85D0005ECE3 /* UIKit.framework */; };
		3CE90BD6195BE756007DBA66 /* libPCNetworking.a in Frameworks */ = {isa = PBXBuildFile; fileRef = 3CE90BC3195BE756007DBA66 /* libPCNetworking.a */; };
		3CE90BE5195BE75A007DBA66 /* PCNetworkManager.m in Sources */ = {isa = PBXBuildFile; fileRef = 3C3294A9195BCEB700BF610A /* PCNetworkManager.m */; };
		3CE90BE6195BE75A007DBA66 /* PCNetworkManager.m in Sources */ = {isa = PBXBuildFile; fileRef = 3C3294A9195BCEB700BF610A /* PCNetworkManager.m */; };
		3CE90BE7195BE75C007DBA66 /* NSString+PCNetworking.m in Sources */ = {isa = PBXBuildFile; fileRef = 3C2AF73B193EBB1300F9869A /* NSString+PCNetworking.m */; };
		3CE90BE8195BE75D007DBA66 /* NSString+PCNetworking.m in Sources */ = {isa = PBXBuildFile; fileRef = 3C2AF73B193EBB1300F9869A /* NSString+PCNetworking.m */; };
		3CE90BE9195BE760007DBA66 /* NSObject+PCNetworking.m in Sources */ = {isa = PBXBuildFile; fileRef = 3C14261E1925D8740005ECE3 /* NSObject+PCNetworking.m */; };
		3CE90BEA195BE761007DBA66 /* NSObject+PCNetworking.m in Sources */ = {isa = PBXBuildFile; fileRef = 3C14261E1925D8740005ECE3 /* NSObject+PCNetworking.m */; };
		3CE90BEB195BE763007DBA66 /* PCNetworkProperty.m in Sources */ = {isa = PBXBuildFile; fileRef = 3CCF1C2F1935836000C94D0A /* PCNetworkProperty.m */; };
		3CE90BEC195BE764007DBA66 /* PCNetworkProperty.m in Sources */ = {isa = PBXBuildFile; fileRef = 3CCF1C2F1935836000C94D0A /* PCNetworkProperty.m */; };
		3CE90BED195BE766007DBA66 /* PCTestModel.m in Sources */ = {isa = PBXBuildFile; fileRef = 3CCF1C20193452CC00C94D0A /* PCTestModel.m */; };
		3CE90BEE195BE766007DBA66 /* PCTestModel.m in Sources */ = {isa = PBXBuildFile; fileRef = 3CCF1C20193452CC00C94D0A /* PCTestModel.m */; };
		3CE90BEF195BE788007DBA66 /* PCNetworkingTests.m in Sources */ = {isa = PBXBuildFile; fileRef = 3C1426131925D85D0005ECE3 /* PCNetworkingTests.m */; };
/* End PBXBuildFile section */

/* Begin PBXContainerItemProxy section */
		3CE90BD4195BE756007DBA66 /* PBXContainerItemProxy */ = {
			isa = PBXContainerItemProxy;
			containerPortal = 3C1425E31925D85D0005ECE3 /* Project object */;
			proxyType = 1;
			remoteGlobalIDString = 3CE90BC2195BE756007DBA66;
			remoteInfo = PCNetworking;
		};
/* End PBXContainerItemProxy section */

/* Begin PBXCopyFilesBuildPhase section */
		3CE90BC1195BE756007DBA66 /* CopyFiles */ = {
			isa = PBXCopyFilesBuildPhase;
			buildActionMask = 2147483647;
			dstPath = "include/$(PRODUCT_NAME)";
			dstSubfolderSpec = 16;
			files = (
			);
			runOnlyForDeploymentPostprocessing = 0;
		};
/* End PBXCopyFilesBuildPhase section */

/* Begin PBXFileReference section */
		3C1425EE1925D85D0005ECE3 /* Foundation.framework */ = {isa = PBXFileReference; lastKnownFileType = wrapper.framework; name = Foundation.framework; path = System/Library/Frameworks/Foundation.framework; sourceTree = SDKROOT; };
		3C1425F01925D85D0005ECE3 /* CoreGraphics.framework */ = {isa = PBXFileReference; lastKnownFileType = wrapper.framework; name = CoreGraphics.framework; path = System/Library/Frameworks/CoreGraphics.framework; sourceTree = SDKROOT; };
		3C1425F21925D85D0005ECE3 /* UIKit.framework */ = {isa = PBXFileReference; lastKnownFileType = wrapper.framework; name = UIKit.framework; path = System/Library/Frameworks/UIKit.framework; sourceTree = SDKROOT; };
		3C1425F61925D85D0005ECE3 /* PCNetworking-Info.plist */ = {isa = PBXFileReference; lastKnownFileType = text.plist.xml; path = "PCNetworking-Info.plist"; sourceTree = "<group>"; };
		3C1425F81925D85D0005ECE3 /* en */ = {isa = PBXFileReference; lastKnownFileType = text.plist.strings; name = en; path = en.lproj/InfoPlist.strings; sourceTree = "<group>"; };
		3C1425FA1925D85D0005ECE3 /* main.m */ = {isa = PBXFileReference; lastKnownFileType = sourcecode.c.objc; path = main.m; sourceTree = "<group>"; };
		3C1425FC1925D85D0005ECE3 /* PCNetworking-Prefix.pch */ = {isa = PBXFileReference; lastKnownFileType = sourcecode.c.h; path = "PCNetworking-Prefix.pch"; sourceTree = "<group>"; };
		3C1426071925D85D0005ECE3 /* XCTest.framework */ = {isa = PBXFileReference; lastKnownFileType = wrapper.framework; name = XCTest.framework; path = Library/Frameworks/XCTest.framework; sourceTree = DEVELOPER_DIR; };
		3C14260F1925D85D0005ECE3 /* PCNetworkingTests-Info.plist */ = {isa = PBXFileReference; lastKnownFileType = text.plist.xml; path = "PCNetworkingTests-Info.plist"; sourceTree = "<group>"; };
		3C1426111925D85D0005ECE3 /* en */ = {isa = PBXFileReference; lastKnownFileType = text.plist.strings; name = en; path = en.lproj/InfoPlist.strings; sourceTree = "<group>"; };
		3C1426131925D85D0005ECE3 /* PCNetworkingTests.m */ = {isa = PBXFileReference; lastKnownFileType = sourcecode.c.objc; path = PCNetworkingTests.m; sourceTree = "<group>"; };
		3C14261D1925D8740005ECE3 /* NSObject+PCNetworking.h */ = {isa = PBXFileReference; fileEncoding = 4; lastKnownFileType = sourcecode.c.h; path = "NSObject+PCNetworking.h"; sourceTree = "<group>"; };
		3C14261E1925D8740005ECE3 /* NSObject+PCNetworking.m */ = {isa = PBXFileReference; fileEncoding = 4; lastKnownFileType = sourcecode.c.objc; path = "NSObject+PCNetworking.m"; sourceTree = "<group>"; };
		3C2AF73A193EBB1300F9869A /* NSString+PCNetworking.h */ = {isa = PBXFileReference; fileEncoding = 4; lastKnownFileType = sourcecode.c.h; path = "NSString+PCNetworking.h"; sourceTree = "<group>"; };
		3C2AF73B193EBB1300F9869A /* NSString+PCNetworking.m */ = {isa = PBXFileReference; fileEncoding = 4; lastKnownFileType = sourcecode.c.objc; path = "NSString+PCNetworking.m"; sourceTree = "<group>"; };
		3C3294A4195BCE3F00BF610A /* libPods-AFNetworking.a */ = {isa = PBXFileReference; lastKnownFileType = archive.ar; name = "libPods-AFNetworking.a"; path = "../pareup/iOS/lib/Pods/Pods/build/Debug-iphoneos/libPods-AFNetworking.a"; sourceTree = "<group>"; };
		3C3294A5195BCE3F00BF610A /* libPods-ReactiveCocoa.a */ = {isa = PBXFileReference; lastKnownFileType = archive.ar; name = "libPods-ReactiveCocoa.a"; path = "../pareup/iOS/lib/Pods/Pods/build/Debug-iphoneos/libPods-ReactiveCocoa.a"; sourceTree = "<group>"; };
		3C3294A8195BCEB700BF610A /* PCNetworkManager.h */ = {isa = PBXFileReference; fileEncoding = 4; lastKnownFileType = sourcecode.c.h; path = PCNetworkManager.h; sourceTree = "<group>"; };
		3C3294A9195BCEB700BF610A /* PCNetworkManager.m */ = {isa = PBXFileReference; fileEncoding = 4; lastKnownFileType = sourcecode.c.objc; path = PCNetworkManager.m; sourceTree = "<group>"; };
		3C3294AB195BCF3300BF610A /* libPods.a */ = {isa = PBXFileReference; lastKnownFileType = archive.ar; name = libPods.a; path = "../pareup/iOS/lib/Pods/Pods/build/Debug-iphoneos/libPods.a"; sourceTree = "<group>"; };
		3C32CB7319637E850095C170 /* PCNetworkRequest.h */ = {isa = PBXFileReference; fileEncoding = 4; lastKnownFileType = sourcecode.c.h; path = PCNetworkRequest.h; sourceTree = "<group>"; };
		3C32CB7419637E850095C170 /* PCNetworkRequest.m */ = {isa = PBXFileReference; fileEncoding = 4; lastKnownFileType = sourcecode.c.objc; path = PCNetworkRequest.m; sourceTree = "<group>"; };
		3C32CB8B1963DF910095C170 /* PCNetworking.h */ = {isa = PBXFileReference; lastKnownFileType = sourcecode.c.h; path = PCNetworking.h; sourceTree = "<group>"; };
		3CCF1C1F193452CC00C94D0A /* PCTestModel.h */ = {isa = PBXFileReference; fileEncoding = 4; lastKnownFileType = sourcecode.c.h; path = PCTestModel.h; sourceTree = "<group>"; };
		3CCF1C20193452CC00C94D0A /* PCTestModel.m */ = {isa = PBXFileReference; fileEncoding = 4; lastKnownFileType = sourcecode.c.objc; path = PCTestModel.m; sourceTree = "<group>"; };
		3CCF1C2E1935836000C94D0A /* PCNetworkProperty.h */ = {isa = PBXFileReference; fileEncoding = 4; lastKnownFileType = sourcecode.c.h; path = PCNetworkProperty.h; sourceTree = "<group>"; };
		3CCF1C2F1935836000C94D0A /* PCNetworkProperty.m */ = {isa = PBXFileReference; fileEncoding = 4; lastKnownFileType = sourcecode.c.objc; path = PCNetworkProperty.m; sourceTree = "<group>"; };
		3CE90BC3195BE756007DBA66 /* libPCNetworking.a */ = {isa = PBXFileReference; explicitFileType = archive.ar; includeInIndex = 0; path = libPCNetworking.a; sourceTree = BUILT_PRODUCTS_DIR; };
		3CE90BD0195BE756007DBA66 /* PCNetworkingTests.xctest */ = {isa = PBXFileReference; explicitFileType = wrapper.cfbundle; includeInIndex = 0; path = PCNetworkingTests.xctest; sourceTree = BUILT_PRODUCTS_DIR; };
/* End PBXFileReference section */

/* Begin PBXFrameworksBuildPhase section */
		3CE90BC0195BE756007DBA66 /* Frameworks */ = {
			isa = PBXFrameworksBuildPhase;
			buildActionMask = 2147483647;
			files = (
				3CE90BC4195BE756007DBA66 /* Foundation.framework in Frameworks */,
			);
			runOnlyForDeploymentPostprocessing = 0;
		};
		3CE90BCD195BE756007DBA66 /* Frameworks */ = {
			isa = PBXFrameworksBuildPhase;
			buildActionMask = 2147483647;
			files = (
				3CE90BD1195BE756007DBA66 /* XCTest.framework in Frameworks */,
				3CE90BD3195BE756007DBA66 /* UIKit.framework in Frameworks */,
				3CE90BD6195BE756007DBA66 /* libPCNetworking.a in Frameworks */,
				3CE90BD2195BE756007DBA66 /* Foundation.framework in Frameworks */,
			);
			runOnlyForDeploymentPostprocessing = 0;
		};
/* End PBXFrameworksBuildPhase section */

/* Begin PBXGroup section */
		3C1425E21925D85D0005ECE3 = {
			isa = PBXGroup;
			children = (
				3C1425F41925D85D0005ECE3 /* PCNetworking */,
				3C14260D1925D85D0005ECE3 /* PCNetworkingTests */,
				3C1425ED1925D85D0005ECE3 /* Frameworks */,
				3C1425EC1925D85D0005ECE3 /* Products */,
			);
			sourceTree = "<group>";
		};
		3C1425EC1925D85D0005ECE3 /* Products */ = {
			isa = PBXGroup;
			children = (
				3CE90BC3195BE756007DBA66 /* libPCNetworking.a */,
				3CE90BD0195BE756007DBA66 /* PCNetworkingTests.xctest */,
			);
			name = Products;
			sourceTree = "<group>";
		};
		3C1425ED1925D85D0005ECE3 /* Frameworks */ = {
			isa = PBXGroup;
			children = (
				3C3294AB195BCF3300BF610A /* libPods.a */,
				3C3294A4195BCE3F00BF610A /* libPods-AFNetworking.a */,
				3C3294A5195BCE3F00BF610A /* libPods-ReactiveCocoa.a */,
				3C1425EE1925D85D0005ECE3 /* Foundation.framework */,
				3C1425F01925D85D0005ECE3 /* CoreGraphics.framework */,
				3C1425F21925D85D0005ECE3 /* UIKit.framework */,
				3C1426071925D85D0005ECE3 /* XCTest.framework */,
			);
			name = Frameworks;
			sourceTree = "<group>";
		};
		3C1425F41925D85D0005ECE3 /* PCNetworking */ = {
			isa = PBXGroup;
			children = (
				3C32CB8B1963DF910095C170 /* PCNetworking.h */,
				3C3294A8195BCEB700BF610A /* PCNetworkManager.h */,
				3C3294A9195BCEB700BF610A /* PCNetworkManager.m */,
				3C32CB7319637E850095C170 /* PCNetworkRequest.h */,
				3C32CB7419637E850095C170 /* PCNetworkRequest.m */,
				3C2AF73A193EBB1300F9869A /* NSString+PCNetworking.h */,
				3C2AF73B193EBB1300F9869A /* NSString+PCNetworking.m */,
				3C14261D1925D8740005ECE3 /* NSObject+PCNetworking.h */,
				3C14261E1925D8740005ECE3 /* NSObject+PCNetworking.m */,
				3CCF1C2E1935836000C94D0A /* PCNetworkProperty.h */,
				3CCF1C2F1935836000C94D0A /* PCNetworkProperty.m */,
				3CCF1C1F193452CC00C94D0A /* PCTestModel.h */,
				3CCF1C20193452CC00C94D0A /* PCTestModel.m */,
				3C1425F51925D85D0005ECE3 /* Supporting Files */,
			);
			path = PCNetworking;
			sourceTree = "<group>";
		};
		3C1425F51925D85D0005ECE3 /* Supporting Files */ = {
			isa = PBXGroup;
			children = (
				3C1425F61925D85D0005ECE3 /* PCNetworking-Info.plist */,
				3C1425F71925D85D0005ECE3 /* InfoPlist.strings */,
				3C1425FA1925D85D0005ECE3 /* main.m */,
				3C1425FC1925D85D0005ECE3 /* PCNetworking-Prefix.pch */,
			);
			name = "Supporting Files";
			sourceTree = "<group>";
		};
		3C14260D1925D85D0005ECE3 /* PCNetworkingTests */ = {
			isa = PBXGroup;
			children = (
				3C1426131925D85D0005ECE3 /* PCNetworkingTests.m */,
				3C14260E1925D85D0005ECE3 /* Supporting Files */,
			);
			path = PCNetworkingTests;
			sourceTree = "<group>";
		};
		3C14260E1925D85D0005ECE3 /* Supporting Files */ = {
			isa = PBXGroup;
			children = (
				3C14260F1925D85D0005ECE3 /* PCNetworkingTests-Info.plist */,
				3C1426101925D85D0005ECE3 /* InfoPlist.strings */,
			);
			name = "Supporting Files";
			sourceTree = "<group>";
		};
/* End PBXGroup section */

/* Begin PBXNativeTarget section */
		3CE90BC2195BE756007DBA66 /* PCNetworking */ = {
			isa = PBXNativeTarget;
			buildConfigurationList = 3CE90BDF195BE756007DBA66 /* Build configuration list for PBXNativeTarget "PCNetworking" */;
			buildPhases = (
				3CE90BBF195BE756007DBA66 /* Sources */,
				3CE90BC0195BE756007DBA66 /* Frameworks */,
				3CE90BC1195BE756007DBA66 /* CopyFiles */,
			);
			buildRules = (
			);
			dependencies = (
			);
			name = PCNetworking;
			productName = PCNetworking;
			productReference = 3CE90BC3195BE756007DBA66 /* libPCNetworking.a */;
			productType = "com.apple.product-type.library.static";
		};
		3CE90BCF195BE756007DBA66 /* PCNetworkingTests */ = {
			isa = PBXNativeTarget;
			buildConfigurationList = 3CE90BE2195BE756007DBA66 /* Build configuration list for PBXNativeTarget "PCNetworkingTests" */;
			buildPhases = (
				3CE90BCC195BE756007DBA66 /* Sources */,
				3CE90BCD195BE756007DBA66 /* Frameworks */,
				3CE90BCE195BE756007DBA66 /* Resources */,
			);
			buildRules = (
			);
			dependencies = (
				3CE90BD5195BE756007DBA66 /* PBXTargetDependency */,
			);
			name = PCNetworkingTests;
			productName = PCNetworkingTests;
			productReference = 3CE90BD0195BE756007DBA66 /* PCNetworkingTests.xctest */;
			productType = "com.apple.product-type.bundle.unit-test";
		};
/* End PBXNativeTarget section */

/* Begin PBXProject section */
		3C1425E31925D85D0005ECE3 /* Project object */ = {
			isa = PBXProject;
			attributes = {
				CLASSPREFIX = PC;
				LastUpgradeCheck = 0510;
				ORGANIZATIONNAME = "Paul Carpenter";
			};
			buildConfigurationList = 3C1425E61925D85D0005ECE3 /* Build configuration list for PBXProject "PCNetworking" */;
			compatibilityVersion = "Xcode 3.2";
			developmentRegion = English;
			hasScannedForEncodings = 0;
			knownRegions = (
				en,
			);
			mainGroup = 3C1425E21925D85D0005ECE3;
			productRefGroup = 3C1425EC1925D85D0005ECE3 /* Products */;
			projectDirPath = "";
			projectRoot = "";
			targets = (
				3CE90BC2195BE756007DBA66 /* PCNetworking */,
				3CE90BCF195BE756007DBA66 /* PCNetworkingTests */,
			);
		};
/* End PBXProject section */

/* Begin PBXResourcesBuildPhase section */
		3CE90BCE195BE756007DBA66 /* Resources */ = {
			isa = PBXResourcesBuildPhase;
			buildActionMask = 2147483647;
			files = (
			);
			runOnlyForDeploymentPostprocessing = 0;
		};
/* End PBXResourcesBuildPhase section */

/* Begin PBXSourcesBuildPhase section */
		3CE90BBF195BE756007DBA66 /* Sources */ = {
			isa = PBXSourcesBuildPhase;
			buildActionMask = 2147483647;
			files = (
				3CE90BE9195BE760007DBA66 /* NSObject+PCNetworking.m in Sources */,
				3CE90BEB195BE763007DBA66 /* PCNetworkProperty.m in Sources */,
				3CE90BE5195BE75A007DBA66 /* PCNetworkManager.m in Sources */,
				3C32CB7519637E850095C170 /* PCNetworkRequest.m in Sources */,
				3CE90BED195BE766007DBA66 /* PCTestModel.m in Sources */,
				3CE90BE7195BE75C007DBA66 /* NSString+PCNetworking.m in Sources */,
			);
			runOnlyForDeploymentPostprocessing = 0;
		};
		3CE90BCC195BE756007DBA66 /* Sources */ = {
			isa = PBXSourcesBuildPhase;
			buildActionMask = 2147483647;
			files = (
				3CE90BEA195BE761007DBA66 /* NSObject+PCNetworking.m in Sources */,
				3CE90BEC195BE764007DBA66 /* PCNetworkProperty.m in Sources */,
				3CE90BE6195BE75A007DBA66 /* PCNetworkManager.m in Sources */,
				3CE90BEE195BE766007DBA66 /* PCTestModel.m in Sources */,
				3CE90BEF195BE788007DBA66 /* PCNetworkingTests.m in Sources */,
				3CE90BE8195BE75D007DBA66 /* NSString+PCNetworking.m in Sources */,
			);
			runOnlyForDeploymentPostprocessing = 0;
		};
/* End PBXSourcesBuildPhase section */

/* Begin PBXTargetDependency section */
		3CE90BD5195BE756007DBA66 /* PBXTargetDependency */ = {
			isa = PBXTargetDependency;
			target = 3CE90BC2195BE756007DBA66 /* PCNetworking */;
			targetProxy = 3CE90BD4195BE756007DBA66 /* PBXContainerItemProxy */;
		};
/* End PBXTargetDependency section */

/* Begin PBXVariantGroup section */
		3C1425F71925D85D0005ECE3 /* InfoPlist.strings */ = {
			isa = PBXVariantGroup;
			children = (
				3C1425F81925D85D0005ECE3 /* en */,
			);
			name = InfoPlist.strings;
			sourceTree = "<group>";
		};
		3C1426101925D85D0005ECE3 /* InfoPlist.strings */ = {
			isa = PBXVariantGroup;
			children = (
				3C1426111925D85D0005ECE3 /* en */,
			);
			name = InfoPlist.strings;
			sourceTree = "<group>";
		};
/* End PBXVariantGroup section */

/* Begin XCBuildConfiguration section */
		3C1426151925D85D0005ECE3 /* Debug */ = {
			isa = XCBuildConfiguration;
			buildSettings = {
				ALWAYS_SEARCH_USER_PATHS = NO;
				CLANG_CXX_LANGUAGE_STANDARD = "gnu++0x";
				CLANG_CXX_LIBRARY = "libc++";
				CLANG_ENABLE_MODULES = YES;
				CLANG_ENABLE_OBJC_ARC = YES;
				CLANG_WARN_BOOL_CONVERSION = YES;
				CLANG_WARN_CONSTANT_CONVERSION = YES;
				CLANG_WARN_DIRECT_OBJC_ISA_USAGE = YES_ERROR;
				CLANG_WARN_EMPTY_BODY = YES;
				CLANG_WARN_ENUM_CONVERSION = YES;
				CLANG_WARN_INT_CONVERSION = YES;
				CLANG_WARN_OBJC_ROOT_CLASS = YES_ERROR;
				CLANG_WARN__DUPLICATE_METHOD_MATCH = YES;
				"CODE_SIGN_IDENTITY[sdk=iphoneos*]" = "iPhone Developer";
				COPY_PHASE_STRIP = NO;
				GCC_C_LANGUAGE_STANDARD = gnu99;
				GCC_DYNAMIC_NO_PIC = NO;
				GCC_OPTIMIZATION_LEVEL = 0;
				GCC_PREPROCESSOR_DEFINITIONS = (
					"DEBUG=1",
					"$(inherited)",
				);
				GCC_SYMBOLS_PRIVATE_EXTERN = NO;
				GCC_WARN_64_TO_32_BIT_CONVERSION = YES;
				GCC_WARN_ABOUT_RETURN_TYPE = YES_ERROR;
				GCC_WARN_UNDECLARED_SELECTOR = YES;
				GCC_WARN_UNINITIALIZED_AUTOS = YES_AGGRESSIVE;
				GCC_WARN_UNUSED_FUNCTION = YES;
				GCC_WARN_UNUSED_VARIABLE = YES;
				HEADER_SEARCH_PATHS = (
					"$(inherited)",
					/Applications/Xcode.app/Contents/Developer/Toolchains/XcodeDefault.xctoolchain/usr/include,
					"$(SRCROOT)/../Pods/Pods/Headers",
					"$(SRCROOT)/../Pods/Pods/Headers/AFNetworking",
					"$(SRCROOT)/../Pods/Pods/Headers/ReactiveCocoa",
				);
				IPHONEOS_DEPLOYMENT_TARGET = 7.1;
				ONLY_ACTIVE_ARCH = YES;
				SDKROOT = iphoneos;
			};
			name = Debug;
		};
		3C1426161925D85D0005ECE3 /* Release */ = {
			isa = XCBuildConfiguration;
			buildSettings = {
				ALWAYS_SEARCH_USER_PATHS = NO;
				CLANG_CXX_LANGUAGE_STANDARD = "gnu++0x";
				CLANG_CXX_LIBRARY = "libc++";
				CLANG_ENABLE_MODULES = YES;
				CLANG_ENABLE_OBJC_ARC = YES;
				CLANG_WARN_BOOL_CONVERSION = YES;
				CLANG_WARN_CONSTANT_CONVERSION = YES;
				CLANG_WARN_DIRECT_OBJC_ISA_USAGE = YES_ERROR;
				CLANG_WARN_EMPTY_BODY = YES;
				CLANG_WARN_ENUM_CONVERSION = YES;
				CLANG_WARN_INT_CONVERSION = YES;
				CLANG_WARN_OBJC_ROOT_CLASS = YES_ERROR;
				CLANG_WARN__DUPLICATE_METHOD_MATCH = YES;
				"CODE_SIGN_IDENTITY[sdk=iphoneos*]" = "iPhone Developer";
				COPY_PHASE_STRIP = YES;
				ENABLE_NS_ASSERTIONS = NO;
				GCC_C_LANGUAGE_STANDARD = gnu99;
				GCC_WARN_64_TO_32_BIT_CONVERSION = YES;
				GCC_WARN_ABOUT_RETURN_TYPE = YES_ERROR;
				GCC_WARN_UNDECLARED_SELECTOR = YES;
				GCC_WARN_UNINITIALIZED_AUTOS = YES_AGGRESSIVE;
				GCC_WARN_UNUSED_FUNCTION = YES;
				GCC_WARN_UNUSED_VARIABLE = YES;
				HEADER_SEARCH_PATHS = (
					"$(inherited)",
					/Applications/Xcode.app/Contents/Developer/Toolchains/XcodeDefault.xctoolchain/usr/include,
					"$(SRCROOT)/../Pods/Pods/Headers",
					"$(SRCROOT)/../Pods/Pods/Headers/AFNetworking",
					"$(SRCROOT)/../Pods/Pods/Headers/ReactiveCocoa",
				);
				IPHONEOS_DEPLOYMENT_TARGET = 7.1;
				SDKROOT = iphoneos;
				VALIDATE_PRODUCT = YES;
			};
			name = Release;
		};
		3CE90BE0195BE756007DBA66 /* Debug */ = {
			isa = XCBuildConfiguration;
			buildSettings = {
				DSTROOT = /tmp/PCNetworking.dst;
				GCC_PRECOMPILE_PREFIX_HEADER = YES;
				GCC_PREFIX_HEADER = "PCNetworking/PCNetworking-Prefix.pch";
				GCC_PREPROCESSOR_DEFINITIONS = (
					"DEBUG=1",
					"$(inherited)",
				);
				HEADER_SEARCH_PATHS = (
					"$(inherited)",
					/Applications/Xcode.app/Contents/Developer/Toolchains/XcodeDefault.xctoolchain/usr/include,
					"$(SRCROOT)/../Pods/Pods/Headers/Public",
					"$(SRCROOT)/../Pods/Pods/Headers/Public/AFNetworking",
					"$(SRCROOT)/../Pods/Pods/Headers/Public/ReactiveCocoa",
				);
				OTHER_LDFLAGS = "-ObjC";
				PRODUCT_NAME = "$(TARGET_NAME)";
				SKIP_INSTALL = YES;
			};
			name = Debug;
		};
		3CE90BE1195BE756007DBA66 /* Release */ = {
			isa = XCBuildConfiguration;
			buildSettings = {
				DSTROOT = /tmp/PCNetworking.dst;
				GCC_PRECOMPILE_PREFIX_HEADER = YES;
				GCC_PREFIX_HEADER = "PCNetworking/PCNetworking-Prefix.pch";
				HEADER_SEARCH_PATHS = (
					"$(inherited)",
					/Applications/Xcode.app/Contents/Developer/Toolchains/XcodeDefault.xctoolchain/usr/include,
					"$(SRCROOT)/../Pods/Pods/Headers/Public",
					"$(SRCROOT)/../Pods/Pods/Headers/Public/AFNetworking",
					"$(SRCROOT)/../Pods/Pods/Headers/Public/ReactiveCocoa",
				);
				OTHER_LDFLAGS = "-ObjC";
				PRODUCT_NAME = "$(TARGET_NAME)";
				SKIP_INSTALL = YES;
			};
			name = Release;
		};
		3CE90BE3195BE756007DBA66 /* Debug */ = {
			isa = XCBuildConfiguration;
			buildSettings = {
				FRAMEWORK_SEARCH_PATHS = (
					"$(SDKROOT)/Developer/Library/Frameworks",
					"$(inherited)",
					"$(DEVELOPER_FRAMEWORKS_DIR)",
				);
				GCC_PRECOMPILE_PREFIX_HEADER = YES;
				GCC_PREFIX_HEADER = "PCNetworking/PCNetworking-Prefix.pch";
				GCC_PREPROCESSOR_DEFINITIONS = (
					"DEBUG=1",
					"$(inherited)",
				);
				INFOPLIST_FILE = "PCNetworkingTests/PCNetworkingTests-Info.plist";
				PRODUCT_NAME = "$(TARGET_NAME)";
				WRAPPER_EXTENSION = xctest;
			};
			name = Debug;
		};
		3CE90BE4195BE756007DBA66 /* Release */ = {
			isa = XCBuildConfiguration;
			buildSettings = {
				FRAMEWORK_SEARCH_PATHS = (
					"$(SDKROOT)/Developer/Library/Frameworks",
					"$(inherited)",
					"$(DEVELOPER_FRAMEWORKS_DIR)",
				);
				GCC_PRECOMPILE_PREFIX_HEADER = YES;
				GCC_PREFIX_HEADER = "PCNetworking/PCNetworking-Prefix.pch";
				INFOPLIST_FILE = "PCNetworkingTests/PCNetworkingTests-Info.plist";
				PRODUCT_NAME = "$(TARGET_NAME)";
				WRAPPER_EXTENSION = xctest;
			};
			name = Release;
		};
/* End XCBuildConfiguration section */

/* Begin XCConfigurationList section */
		3C1425E61925D85D0005ECE3 /* Build configuration list for PBXProject "PCNetworking" */ = {
			isa = XCConfigurationList;
			buildConfigurations = (
				3C1426151925D85D0005ECE3 /* Debug */,
				3C1426161925D85D0005ECE3 /* Release */,
			);
			defaultConfigurationIsVisible = 0;
			defaultConfigurationName = Release;
		};
		3CE90BDF195BE756007DBA66 /* Build configuration list for PBXNativeTarget "PCNetworking" */ = {
			isa = XCConfigurationList;
			buildConfigurations = (
				3CE90BE0195BE756007DBA66 /* Debug */,
				3CE90BE1195BE756007DBA66 /* Release */,
			);
			defaultConfigurationIsVisible = 0;
			defaultConfigurationName = Release;
		};
		3CE90BE2195BE756007DBA66 /* Build configuration list for PBXNativeTarget "PCNetworkingTests" */ = {
			isa = XCConfigurationList;
			buildConfigurations = (
				3CE90BE3195BE756007DBA66 /* Debug */,
				3CE90BE4195BE756007DBA66 /* Release */,
			);
			defaultConfigurationIsVisible = 0;
			defaultConfigurationName = Release;
		};
/* End XCConfigurationList section */
	};
	rootObject = 3C1425E31925D85D0005ECE3 /* Project object */;
}
